// !$*UTF8*$!
{
	archiveVersion = 1;
	classes = {
	};
	objectVersion = 46;
	objects = {

/* Begin PBXBuildFile section */
		1241398319FED7B100E26B60 /* main.m in Sources */ = {isa = PBXBuildFile; fileRef = 1241398219FED7B100E26B60 /* main.m */; };
		1241398619FED7B100E26B60 /* AppDelegate.m in Sources */ = {isa = PBXBuildFile; fileRef = 1241398519FED7B100E26B60 /* AppDelegate.m */; };
		1241398919FED7B100E26B60 /* InstaPro.xcdatamodeld in Sources */ = {isa = PBXBuildFile; fileRef = 1241398719FED7B100E26B60 /* InstaPro.xcdatamodeld */; };
		1241398C19FED7B100E26B60 /* RootViewController.m in Sources */ = {isa = PBXBuildFile; fileRef = 1241398B19FED7B100E26B60 /* RootViewController.m */; };
		1241399119FED7B100E26B60 /* Images.xcassets in Resources */ = {isa = PBXBuildFile; fileRef = 1241399019FED7B100E26B60 /* Images.xcassets */; };
		1241399419FED7B100E26B60 /* LaunchScreen.xib in Resources */ = {isa = PBXBuildFile; fileRef = 1241399219FED7B100E26B60 /* LaunchScreen.xib */; };
		124139A019FED7B100E26B60 /* InstaProTests.m in Sources */ = {isa = PBXBuildFile; fileRef = 1241399F19FED7B100E26B60 /* InstaProTests.m */; };
		124139AB19FEF53B00E26B60 /* Bolts.framework in Frameworks */ = {isa = PBXBuildFile; fileRef = 124139A919FEF53B00E26B60 /* Bolts.framework */; };
		124139AC19FEF53B00E26B60 /* Parse.framework in Frameworks */ = {isa = PBXBuildFile; fileRef = 124139AA19FEF53B00E26B60 /* Parse.framework */; };
		124139B819FEF5E200E26B60 /* Accounts.framework in Frameworks */ = {isa = PBXBuildFile; fileRef = 124139AD19FEF5E200E26B60 /* Accounts.framework */; };
		124139B919FEF5E200E26B60 /* AdSupport.framework in Frameworks */ = {isa = PBXBuildFile; fileRef = 124139AE19FEF5E200E26B60 /* AdSupport.framework */; };
		124139BA19FEF5E200E26B60 /* AudioToolbox.framework in Frameworks */ = {isa = PBXBuildFile; fileRef = 124139AF19FEF5E200E26B60 /* AudioToolbox.framework */; };
		124139BB19FEF5E200E26B60 /* CFNetwork.framework in Frameworks */ = {isa = PBXBuildFile; fileRef = 124139B019FEF5E200E26B60 /* CFNetwork.framework */; };
		124139BC19FEF5E200E26B60 /* CoreGraphics.framework in Frameworks */ = {isa = PBXBuildFile; fileRef = 124139B119FEF5E200E26B60 /* CoreGraphics.framework */; };
		124139BD19FEF5E200E26B60 /* CoreLocation.framework in Frameworks */ = {isa = PBXBuildFile; fileRef = 124139B219FEF5E200E26B60 /* CoreLocation.framework */; };
		124139BE19FEF5E200E26B60 /* MobileCoreServices.framework in Frameworks */ = {isa = PBXBuildFile; fileRef = 124139B319FEF5E200E26B60 /* MobileCoreServices.framework */; };
		124139BF19FEF5E200E26B60 /* QuartzCore.framework in Frameworks */ = {isa = PBXBuildFile; fileRef = 124139B419FEF5E200E26B60 /* QuartzCore.framework */; };
		124139C019FEF5E200E26B60 /* Security.framework in Frameworks */ = {isa = PBXBuildFile; fileRef = 124139B519FEF5E200E26B60 /* Security.framework */; };
		124139C119FEF5E200E26B60 /* Social.framework in Frameworks */ = {isa = PBXBuildFile; fileRef = 124139B619FEF5E200E26B60 /* Social.framework */; };
		124139C219FEF5E200E26B60 /* SystemConfiguration.framework in Frameworks */ = {isa = PBXBuildFile; fileRef = 124139B719FEF5E200E26B60 /* SystemConfiguration.framework */; };
		124139C419FEF5EB00E26B60 /* libz.dylib in Frameworks */ = {isa = PBXBuildFile; fileRef = 124139C319FEF5EB00E26B60 /* libz.dylib */; };
		124139C719FEFC1900E26B60 /* ProfileViewController.m in Sources */ = {isa = PBXBuildFile; fileRef = 124139C619FEFC1900E26B60 /* ProfileViewController.m */; };
		124139CA19FF277A00E26B60 /* ProfileCollectionViewCell.m in Sources */ = {isa = PBXBuildFile; fileRef = 124139C919FF277A00E26B60 /* ProfileCollectionViewCell.m */; };
		1290D50F1A002B3800CDCCEE /* Main.storyboard in Resources */ = {isa = PBXBuildFile; fileRef = 1290D50E1A002B3800CDCCEE /* Main.storyboard */; };
		166CD8B11A0071D400D2618A /* NewsfeedCollectionViewCell.m in Sources */ = {isa = PBXBuildFile; fileRef = 166CD8B01A0071D400D2618A /* NewsfeedCollectionViewCell.m */; };
		16D236DF1A005D48009FC916 /* NewsfeedViewController.m in Sources */ = {isa = PBXBuildFile; fileRef = 16D236DE1A005D48009FC916 /* NewsfeedViewController.m */; };
		4C1960131A00314F00E1F327 /* Post.m in Sources */ = {isa = PBXBuildFile; fileRef = 4C1960121A00314F00E1F327 /* Post.m */; };
		4C1960161A00345000E1F327 /* User.m in Sources */ = {isa = PBXBuildFile; fileRef = 4C1960151A00345000E1F327 /* User.m */; };
		4CEEB5E619FEF9BB00D35D4C /* NewPostViewController.m in Sources */ = {isa = PBXBuildFile; fileRef = 4CEEB5E519FEF9BB00D35D4C /* NewPostViewController.m */; };
/* End PBXBuildFile section */

/* Begin PBXContainerItemProxy section */
		1241399A19FED7B100E26B60 /* PBXContainerItemProxy */ = {
			isa = PBXContainerItemProxy;
			containerPortal = 1241397519FED7B100E26B60 /* Project object */;
			proxyType = 1;
			remoteGlobalIDString = 1241397C19FED7B100E26B60;
			remoteInfo = InstaPro;
		};
/* End PBXContainerItemProxy section */

/* Begin PBXFileReference section */
		1241397D19FED7B100E26B60 /* InstaPro.app */ = {isa = PBXFileReference; explicitFileType = wrapper.application; includeInIndex = 0; path = InstaPro.app; sourceTree = BUILT_PRODUCTS_DIR; };
		1241398119FED7B100E26B60 /* Info.plist */ = {isa = PBXFileReference; lastKnownFileType = text.plist.xml; path = Info.plist; sourceTree = "<group>"; };
		1241398219FED7B100E26B60 /* main.m */ = {isa = PBXFileReference; lastKnownFileType = sourcecode.c.objc; path = main.m; sourceTree = "<group>"; };
		1241398419FED7B100E26B60 /* AppDelegate.h */ = {isa = PBXFileReference; lastKnownFileType = sourcecode.c.h; path = AppDelegate.h; sourceTree = "<group>"; };
		1241398519FED7B100E26B60 /* AppDelegate.m */ = {isa = PBXFileReference; lastKnownFileType = sourcecode.c.objc; path = AppDelegate.m; sourceTree = "<group>"; };
		1241398819FED7B100E26B60 /* InstaPro.xcdatamodel */ = {isa = PBXFileReference; lastKnownFileType = wrapper.xcdatamodel; path = InstaPro.xcdatamodel; sourceTree = "<group>"; };
		1241398A19FED7B100E26B60 /* RootViewController.h */ = {isa = PBXFileReference; lastKnownFileType = sourcecode.c.h; path = RootViewController.h; sourceTree = "<group>"; };
		1241398B19FED7B100E26B60 /* RootViewController.m */ = {isa = PBXFileReference; lastKnownFileType = sourcecode.c.objc; path = RootViewController.m; sourceTree = "<group>"; };
		1241399019FED7B100E26B60 /* Images.xcassets */ = {isa = PBXFileReference; lastKnownFileType = folder.assetcatalog; path = Images.xcassets; sourceTree = "<group>"; };
		1241399319FED7B100E26B60 /* Base */ = {isa = PBXFileReference; lastKnownFileType = file.xib; name = Base; path = Base.lproj/LaunchScreen.xib; sourceTree = "<group>"; };
		1241399919FED7B100E26B60 /* InstaProTests.xctest */ = {isa = PBXFileReference; explicitFileType = wrapper.cfbundle; includeInIndex = 0; path = InstaProTests.xctest; sourceTree = BUILT_PRODUCTS_DIR; };
		1241399E19FED7B100E26B60 /* Info.plist */ = {isa = PBXFileReference; lastKnownFileType = text.plist.xml; path = Info.plist; sourceTree = "<group>"; };
		1241399F19FED7B100E26B60 /* InstaProTests.m */ = {isa = PBXFileReference; lastKnownFileType = sourcecode.c.objc; path = InstaProTests.m; sourceTree = "<group>"; };
		124139A919FEF53B00E26B60 /* Bolts.framework */ = {isa = PBXFileReference; lastKnownFileType = wrapper.framework; path = Bolts.framework; sourceTree = "<group>"; };
		124139AA19FEF53B00E26B60 /* Parse.framework */ = {isa = PBXFileReference; lastKnownFileType = wrapper.framework; path = Parse.framework; sourceTree = "<group>"; };
		124139AD19FEF5E200E26B60 /* Accounts.framework */ = {isa = PBXFileReference; lastKnownFileType = wrapper.framework; name = Accounts.framework; path = System/Library/Frameworks/Accounts.framework; sourceTree = SDKROOT; };
		124139AE19FEF5E200E26B60 /* AdSupport.framework */ = {isa = PBXFileReference; lastKnownFileType = wrapper.framework; name = AdSupport.framework; path = System/Library/Frameworks/AdSupport.framework; sourceTree = SDKROOT; };
		124139AF19FEF5E200E26B60 /* AudioToolbox.framework */ = {isa = PBXFileReference; lastKnownFileType = wrapper.framework; name = AudioToolbox.framework; path = System/Library/Frameworks/AudioToolbox.framework; sourceTree = SDKROOT; };
		124139B019FEF5E200E26B60 /* CFNetwork.framework */ = {isa = PBXFileReference; lastKnownFileType = wrapper.framework; name = CFNetwork.framework; path = System/Library/Frameworks/CFNetwork.framework; sourceTree = SDKROOT; };
		124139B119FEF5E200E26B60 /* CoreGraphics.framework */ = {isa = PBXFileReference; lastKnownFileType = wrapper.framework; name = CoreGraphics.framework; path = System/Library/Frameworks/CoreGraphics.framework; sourceTree = SDKROOT; };
		124139B219FEF5E200E26B60 /* CoreLocation.framework */ = {isa = PBXFileReference; lastKnownFileType = wrapper.framework; name = CoreLocation.framework; path = System/Library/Frameworks/CoreLocation.framework; sourceTree = SDKROOT; };
		124139B319FEF5E200E26B60 /* MobileCoreServices.framework */ = {isa = PBXFileReference; lastKnownFileType = wrapper.framework; name = MobileCoreServices.framework; path = System/Library/Frameworks/MobileCoreServices.framework; sourceTree = SDKROOT; };
		124139B419FEF5E200E26B60 /* QuartzCore.framework */ = {isa = PBXFileReference; lastKnownFileType = wrapper.framework; name = QuartzCore.framework; path = System/Library/Frameworks/QuartzCore.framework; sourceTree = SDKROOT; };
		124139B519FEF5E200E26B60 /* Security.framework */ = {isa = PBXFileReference; lastKnownFileType = wrapper.framework; name = Security.framework; path = System/Library/Frameworks/Security.framework; sourceTree = SDKROOT; };
		124139B619FEF5E200E26B60 /* Social.framework */ = {isa = PBXFileReference; lastKnownFileType = wrapper.framework; name = Social.framework; path = System/Library/Frameworks/Social.framework; sourceTree = SDKROOT; };
		124139B719FEF5E200E26B60 /* SystemConfiguration.framework */ = {isa = PBXFileReference; lastKnownFileType = wrapper.framework; name = SystemConfiguration.framework; path = System/Library/Frameworks/SystemConfiguration.framework; sourceTree = SDKROOT; };
		124139C319FEF5EB00E26B60 /* libz.dylib */ = {isa = PBXFileReference; lastKnownFileType = "compiled.mach-o.dylib"; name = libz.dylib; path = usr/lib/libz.dylib; sourceTree = SDKROOT; };
		124139C519FEFC1900E26B60 /* ProfileViewController.h */ = {isa = PBXFileReference; fileEncoding = 4; lastKnownFileType = sourcecode.c.h; path = ProfileViewController.h; sourceTree = "<group>"; };
		124139C619FEFC1900E26B60 /* ProfileViewController.m */ = {isa = PBXFileReference; fileEncoding = 4; lastKnownFileType = sourcecode.c.objc; path = ProfileViewController.m; sourceTree = "<group>"; };
		124139C819FF277A00E26B60 /* ProfileCollectionViewCell.h */ = {isa = PBXFileReference; fileEncoding = 4; lastKnownFileType = sourcecode.c.h; path = ProfileCollectionViewCell.h; sourceTree = "<group>"; };
		124139C919FF277A00E26B60 /* ProfileCollectionViewCell.m */ = {isa = PBXFileReference; fileEncoding = 4; lastKnownFileType = sourcecode.c.objc; path = ProfileCollectionViewCell.m; sourceTree = "<group>"; };
		1290D50E1A002B3800CDCCEE /* Main.storyboard */ = {isa = PBXFileReference; fileEncoding = 4; lastKnownFileType = file.storyboard; name = Main.storyboard; path = ../Main.storyboard; sourceTree = "<group>"; };
		166CD8AF1A0071D400D2618A /* NewsfeedCollectionViewCell.h */ = {isa = PBXFileReference; fileEncoding = 4; lastKnownFileType = sourcecode.c.h; path = NewsfeedCollectionViewCell.h; sourceTree = "<group>"; };
		166CD8B01A0071D400D2618A /* NewsfeedCollectionViewCell.m */ = {isa = PBXFileReference; fileEncoding = 4; lastKnownFileType = sourcecode.c.objc; path = NewsfeedCollectionViewCell.m; sourceTree = "<group>"; };
		16D236DD1A005D48009FC916 /* NewsfeedViewController.h */ = {isa = PBXFileReference; fileEncoding = 4; lastKnownFileType = sourcecode.c.h; path = NewsfeedViewController.h; sourceTree = "<group>"; };
		16D236DE1A005D48009FC916 /* NewsfeedViewController.m */ = {isa = PBXFileReference; fileEncoding = 4; lastKnownFileType = sourcecode.c.objc; path = NewsfeedViewController.m; sourceTree = "<group>"; };
		4C1960111A00314F00E1F327 /* Post.h */ = {isa = PBXFileReference; fileEncoding = 4; lastKnownFileType = sourcecode.c.h; path = Post.h; sourceTree = "<group>"; };
		4C1960121A00314F00E1F327 /* Post.m */ = {isa = PBXFileReference; fileEncoding = 4; lastKnownFileType = sourcecode.c.objc; path = Post.m; sourceTree = "<group>"; };
		4C1960141A00345000E1F327 /* User.h */ = {isa = PBXFileReference; fileEncoding = 4; lastKnownFileType = sourcecode.c.h; path = User.h; sourceTree = "<group>"; };
		4C1960151A00345000E1F327 /* User.m */ = {isa = PBXFileReference; fileEncoding = 4; lastKnownFileType = sourcecode.c.objc; path = User.m; sourceTree = "<group>"; };
		4CEEB5E419FEF9BB00D35D4C /* NewPostViewController.h */ = {isa = PBXFileReference; fileEncoding = 4; lastKnownFileType = sourcecode.c.h; path = NewPostViewController.h; sourceTree = "<group>"; };
		4CEEB5E519FEF9BB00D35D4C /* NewPostViewController.m */ = {isa = PBXFileReference; fileEncoding = 4; lastKnownFileType = sourcecode.c.objc; path = NewPostViewController.m; sourceTree = "<group>"; };
/* End PBXFileReference section */

/* Begin PBXFrameworksBuildPhase section */
		1241397A19FED7B100E26B60 /* Frameworks */ = {
			isa = PBXFrameworksBuildPhase;
			buildActionMask = 2147483647;
			files = (
				124139C419FEF5EB00E26B60 /* libz.dylib in Frameworks */,
				124139B819FEF5E200E26B60 /* Accounts.framework in Frameworks */,
				124139B919FEF5E200E26B60 /* AdSupport.framework in Frameworks */,
				124139BA19FEF5E200E26B60 /* AudioToolbox.framework in Frameworks */,
				124139BB19FEF5E200E26B60 /* CFNetwork.framework in Frameworks */,
				124139BC19FEF5E200E26B60 /* CoreGraphics.framework in Frameworks */,
				124139BD19FEF5E200E26B60 /* CoreLocation.framework in Frameworks */,
				124139BE19FEF5E200E26B60 /* MobileCoreServices.framework in Frameworks */,
				124139BF19FEF5E200E26B60 /* QuartzCore.framework in Frameworks */,
				124139C019FEF5E200E26B60 /* Security.framework in Frameworks */,
				124139C119FEF5E200E26B60 /* Social.framework in Frameworks */,
				124139C219FEF5E200E26B60 /* SystemConfiguration.framework in Frameworks */,
				124139AC19FEF53B00E26B60 /* Parse.framework in Frameworks */,
				124139AB19FEF53B00E26B60 /* Bolts.framework in Frameworks */,
			);
			runOnlyForDeploymentPostprocessing = 0;
		};
		1241399619FED7B100E26B60 /* Frameworks */ = {
			isa = PBXFrameworksBuildPhase;
			buildActionMask = 2147483647;
			files = (
			);
			runOnlyForDeploymentPostprocessing = 0;
		};
/* End PBXFrameworksBuildPhase section */

/* Begin PBXGroup section */
		1241397419FED7B100E26B60 = {
			isa = PBXGroup;
			children = (
				1241397F19FED7B100E26B60 /* InstaPro */,
				1241399C19FED7B100E26B60 /* InstaProTests */,
				1241397E19FED7B100E26B60 /* Products */,
			);
			sourceTree = "<group>";
		};
		1241397E19FED7B100E26B60 /* Products */ = {
			isa = PBXGroup;
			children = (
				1241397D19FED7B100E26B60 /* InstaPro.app */,
				1241399919FED7B100E26B60 /* InstaProTests.xctest */,
			);
			name = Products;
			sourceTree = "<group>";
		};
		1241397F19FED7B100E26B60 /* InstaPro */ = {
			isa = PBXGroup;
			children = (
				1241398419FED7B100E26B60 /* AppDelegate.h */,
				1241398519FED7B100E26B60 /* AppDelegate.m */,
				1290D50E1A002B3800CDCCEE /* Main.storyboard */,
				16D236DD1A005D48009FC916 /* NewsfeedViewController.h */,
				16D236DE1A005D48009FC916 /* NewsfeedViewController.m */,
				166CD8AF1A0071D400D2618A /* NewsfeedCollectionViewCell.h */,
				166CD8B01A0071D400D2618A /* NewsfeedCollectionViewCell.m */,
				1241398A19FED7B100E26B60 /* RootViewController.h */,
				1241398B19FED7B100E26B60 /* RootViewController.m */,
				124139C519FEFC1900E26B60 /* ProfileViewController.h */,
				124139C619FEFC1900E26B60 /* ProfileViewController.m */,
				124139C819FF277A00E26B60 /* ProfileCollectionViewCell.h */,
				124139C919FF277A00E26B60 /* ProfileCollectionViewCell.m */,
				4CEEB5E419FEF9BB00D35D4C /* NewPostViewController.h */,
				4CEEB5E519FEF9BB00D35D4C /* NewPostViewController.m */,
				1241399019FED7B100E26B60 /* Images.xcassets */,
				1241399219FED7B100E26B60 /* LaunchScreen.xib */,
				1241398719FED7B100E26B60 /* InstaPro.xcdatamodeld */,
				4C1960181A00347700E1F327 /* Data Model */,
				1241398019FED7B100E26B60 /* Supporting Files */,
			);
			path = InstaPro;
			sourceTree = "<group>";
		};
		1241398019FED7B100E26B60 /* Supporting Files */ = {
			isa = PBXGroup;
			children = (
				124139C319FEF5EB00E26B60 /* libz.dylib */,
				124139AD19FEF5E200E26B60 /* Accounts.framework */,
				124139AE19FEF5E200E26B60 /* AdSupport.framework */,
				124139AF19FEF5E200E26B60 /* AudioToolbox.framework */,
				124139B019FEF5E200E26B60 /* CFNetwork.framework */,
				124139B119FEF5E200E26B60 /* CoreGraphics.framework */,
				124139B219FEF5E200E26B60 /* CoreLocation.framework */,
				124139B319FEF5E200E26B60 /* MobileCoreServices.framework */,
				124139B419FEF5E200E26B60 /* QuartzCore.framework */,
				124139B519FEF5E200E26B60 /* Security.framework */,
				124139B619FEF5E200E26B60 /* Social.framework */,
				124139B719FEF5E200E26B60 /* SystemConfiguration.framework */,
				124139A919FEF53B00E26B60 /* Bolts.framework */,
				124139AA19FEF53B00E26B60 /* Parse.framework */,
				1241398119FED7B100E26B60 /* Info.plist */,
				1241398219FED7B100E26B60 /* main.m */,
			);
			name = "Supporting Files";
			sourceTree = "<group>";
		};
		1241399C19FED7B100E26B60 /* InstaProTests */ = {
			isa = PBXGroup;
			children = (
				1241399F19FED7B100E26B60 /* InstaProTests.m */,
				1241399D19FED7B100E26B60 /* Supporting Files */,
			);
			path = InstaProTests;
			sourceTree = "<group>";
		};
		1241399D19FED7B100E26B60 /* Supporting Files */ = {
			isa = PBXGroup;
			children = (
				1241399E19FED7B100E26B60 /* Info.plist */,
			);
			name = "Supporting Files";
			sourceTree = "<group>";
		};
		4C1960181A00347700E1F327 /* Data Model */ = {
			isa = PBXGroup;
			children = (
				4C1960111A00314F00E1F327 /* Post.h */,
				4C1960121A00314F00E1F327 /* Post.m */,
				4C1960141A00345000E1F327 /* User.h */,
				4C1960151A00345000E1F327 /* User.m */,
			);
			name = "Data Model";
			sourceTree = "<group>";
		};
/* End PBXGroup section */

/* Begin PBXNativeTarget section */
		1241397C19FED7B100E26B60 /* InstaPro */ = {
			isa = PBXNativeTarget;
			buildConfigurationList = 124139A319FED7B100E26B60 /* Build configuration list for PBXNativeTarget "InstaPro" */;
			buildPhases = (
				1241397919FED7B100E26B60 /* Sources */,
				1241397A19FED7B100E26B60 /* Frameworks */,
				1241397B19FED7B100E26B60 /* Resources */,
			);
			buildRules = (
			);
			dependencies = (
			);
			name = InstaPro;
			productName = InstaPro;
			productReference = 1241397D19FED7B100E26B60 /* InstaPro.app */;
			productType = "com.apple.product-type.application";
		};
		1241399819FED7B100E26B60 /* InstaProTests */ = {
			isa = PBXNativeTarget;
			buildConfigurationList = 124139A619FED7B100E26B60 /* Build configuration list for PBXNativeTarget "InstaProTests" */;
			buildPhases = (
				1241399519FED7B100E26B60 /* Sources */,
				1241399619FED7B100E26B60 /* Frameworks */,
				1241399719FED7B100E26B60 /* Resources */,
			);
			buildRules = (
			);
			dependencies = (
				1241399B19FED7B100E26B60 /* PBXTargetDependency */,
			);
			name = InstaProTests;
			productName = InstaProTests;
			productReference = 1241399919FED7B100E26B60 /* InstaProTests.xctest */;
			productType = "com.apple.product-type.bundle.unit-test";
		};
/* End PBXNativeTarget section */

/* Begin PBXProject section */
		1241397519FED7B100E26B60 /* Project object */ = {
			isa = PBXProject;
			attributes = {
				LastUpgradeCheck = 0610;
				ORGANIZATIONNAME = "Ryan Siska";
				TargetAttributes = {
					1241397C19FED7B100E26B60 = {
						CreatedOnToolsVersion = 6.1;
					};
					1241399819FED7B100E26B60 = {
						CreatedOnToolsVersion = 6.1;
						TestTargetID = 1241397C19FED7B100E26B60;
					};
				};
			};
			buildConfigurationList = 1241397819FED7B100E26B60 /* Build configuration list for PBXProject "InstaPro" */;
			compatibilityVersion = "Xcode 3.2";
			developmentRegion = English;
			hasScannedForEncodings = 0;
			knownRegions = (
				en,
				Base,
			);
			mainGroup = 1241397419FED7B100E26B60;
			productRefGroup = 1241397E19FED7B100E26B60 /* Products */;
			projectDirPath = "";
			projectRoot = "";
			targets = (
				1241397C19FED7B100E26B60 /* InstaPro */,
				1241399819FED7B100E26B60 /* InstaProTests */,
			);
		};
/* End PBXProject section */

/* Begin PBXResourcesBuildPhase section */
		1241397B19FED7B100E26B60 /* Resources */ = {
			isa = PBXResourcesBuildPhase;
			buildActionMask = 2147483647;
			files = (
				1241399419FED7B100E26B60 /* LaunchScreen.xib in Resources */,
				1241399119FED7B100E26B60 /* Images.xcassets in Resources */,
				1290D50F1A002B3800CDCCEE /* Main.storyboard in Resources */,
			);
			runOnlyForDeploymentPostprocessing = 0;
		};
		1241399719FED7B100E26B60 /* Resources */ = {
			isa = PBXResourcesBuildPhase;
			buildActionMask = 2147483647;
			files = (
			);
			runOnlyForDeploymentPostprocessing = 0;
		};
/* End PBXResourcesBuildPhase section */

/* Begin PBXSourcesBuildPhase section */
		1241397919FED7B100E26B60 /* Sources */ = {
			isa = PBXSourcesBuildPhase;
			buildActionMask = 2147483647;
			files = (
				1241398619FED7B100E26B60 /* AppDelegate.m in Sources */,
				4CEEB5E619FEF9BB00D35D4C /* NewPostViewController.m in Sources */,
				4C1960161A00345000E1F327 /* User.m in Sources */,
				1241398319FED7B100E26B60 /* main.m in Sources */,
				1241398C19FED7B100E26B60 /* RootViewController.m in Sources */,
				166CD8B11A0071D400D2618A /* NewsfeedCollectionViewCell.m in Sources */,
				1241398919FED7B100E26B60 /* InstaPro.xcdatamodeld in Sources */,
				124139CA19FF277A00E26B60 /* ProfileCollectionViewCell.m in Sources */,
				124139C719FEFC1900E26B60 /* ProfileViewController.m in Sources */,
				4C1960131A00314F00E1F327 /* Post.m in Sources */,
				16D236DF1A005D48009FC916 /* NewsfeedViewController.m in Sources */,
			);
			runOnlyForDeploymentPostprocessing = 0;
		};
		1241399519FED7B100E26B60 /* Sources */ = {
			isa = PBXSourcesBuildPhase;
			buildActionMask = 2147483647;
			files = (
				124139A019FED7B100E26B60 /* InstaProTests.m in Sources */,
			);
			runOnlyForDeploymentPostprocessing = 0;
		};
/* End PBXSourcesBuildPhase section */

/* Begin PBXTargetDependency section */
		1241399B19FED7B100E26B60 /* PBXTargetDependency */ = {
			isa = PBXTargetDependency;
			target = 1241397C19FED7B100E26B60 /* InstaPro */;
			targetProxy = 1241399A19FED7B100E26B60 /* PBXContainerItemProxy */;
		};
/* End PBXTargetDependency section */

/* Begin PBXVariantGroup section */
		1241399219FED7B100E26B60 /* LaunchScreen.xib */ = {
			isa = PBXVariantGroup;
			children = (
				1241399319FED7B100E26B60 /* Base */,
			);
			name = LaunchScreen.xib;
			sourceTree = "<group>";
		};
/* End PBXVariantGroup section */

/* Begin XCBuildConfiguration section */
		124139A119FED7B100E26B60 /* Debug */ = {
			isa = XCBuildConfiguration;
			buildSettings = {
				ALWAYS_SEARCH_USER_PATHS = NO;
				CLANG_CXX_LANGUAGE_STANDARD = "gnu++0x";
				CLANG_CXX_LIBRARY = "libc++";
				CLANG_ENABLE_MODULES = YES;
				CLANG_ENABLE_OBJC_ARC = YES;
				CLANG_WARN_BOOL_CONVERSION = YES;
				CLANG_WARN_CONSTANT_CONVERSION = YES;
				CLANG_WARN_DIRECT_OBJC_ISA_USAGE = YES_ERROR;
				CLANG_WARN_EMPTY_BODY = YES;
				CLANG_WARN_ENUM_CONVERSION = YES;
				CLANG_WARN_INT_CONVERSION = YES;
				CLANG_WARN_OBJC_ROOT_CLASS = YES_ERROR;
				CLANG_WARN_UNREACHABLE_CODE = YES;
				CLANG_WARN__DUPLICATE_METHOD_MATCH = YES;
				"CODE_SIGN_IDENTITY[sdk=iphoneos*]" = "iPhone Developer";
				COPY_PHASE_STRIP = NO;
				ENABLE_STRICT_OBJC_MSGSEND = YES;
				GCC_C_LANGUAGE_STANDARD = gnu99;
				GCC_DYNAMIC_NO_PIC = NO;
				GCC_OPTIMIZATION_LEVEL = 0;
				GCC_PREPROCESSOR_DEFINITIONS = (
					"DEBUG=1",
					"$(inherited)",
				);
				GCC_SYMBOLS_PRIVATE_EXTERN = NO;
				GCC_WARN_64_TO_32_BIT_CONVERSION = YES;
				GCC_WARN_ABOUT_RETURN_TYPE = YES_ERROR;
				GCC_WARN_UNDECLARED_SELECTOR = YES;
				GCC_WARN_UNINITIALIZED_AUTOS = YES_AGGRESSIVE;
				GCC_WARN_UNUSED_FUNCTION = YES;
				GCC_WARN_UNUSED_VARIABLE = YES;
				IPHONEOS_DEPLOYMENT_TARGET = 8.1;
				MTL_ENABLE_DEBUG_INFO = YES;
				ONLY_ACTIVE_ARCH = YES;
				SDKROOT = iphoneos;
			};
			name = Debug;
		};
		124139A219FED7B100E26B60 /* Release */ = {
			isa = XCBuildConfiguration;
			buildSettings = {
				ALWAYS_SEARCH_USER_PATHS = NO;
				CLANG_CXX_LANGUAGE_STANDARD = "gnu++0x";
				CLANG_CXX_LIBRARY = "libc++";
				CLANG_ENABLE_MODULES = YES;
				CLANG_ENABLE_OBJC_ARC = YES;
				CLANG_WARN_BOOL_CONVERSION = YES;
				CLANG_WARN_CONSTANT_CONVERSION = YES;
				CLANG_WARN_DIRECT_OBJC_ISA_USAGE = YES_ERROR;
				CLANG_WARN_EMPTY_BODY = YES;
				CLANG_WARN_ENUM_CONVERSION = YES;
				CLANG_WARN_INT_CONVERSION = YES;
				CLANG_WARN_OBJC_ROOT_CLASS = YES_ERROR;
				CLANG_WARN_UNREACHABLE_CODE = YES;
				CLANG_WARN__DUPLICATE_METHOD_MATCH = YES;
				"CODE_SIGN_IDENTITY[sdk=iphoneos*]" = "iPhone Developer";
				COPY_PHASE_STRIP = YES;
				ENABLE_NS_ASSERTIONS = NO;
				ENABLE_STRICT_OBJC_MSGSEND = YES;
				GCC_C_LANGUAGE_STANDARD = gnu99;
				GCC_WARN_64_TO_32_BIT_CONVERSION = YES;
				GCC_WARN_ABOUT_RETURN_TYPE = YES_ERROR;
				GCC_WARN_UNDECLARED_SELECTOR = YES;
				GCC_WARN_UNINITIALIZED_AUTOS = YES_AGGRESSIVE;
				GCC_WARN_UNUSED_FUNCTION = YES;
				GCC_WARN_UNUSED_VARIABLE = YES;
				IPHONEOS_DEPLOYMENT_TARGET = 8.1;
				MTL_ENABLE_DEBUG_INFO = NO;
				SDKROOT = iphoneos;
				VALIDATE_PRODUCT = YES;
			};
			name = Release;
		};
		124139A419FED7B100E26B60 /* Debug */ = {
			isa = XCBuildConfiguration;
			buildSettings = {
				ASSETCATALOG_COMPILER_APPICON_NAME = AppIcon;
				FRAMEWORK_SEARCH_PATHS = (
					"$(inherited)",
					"$(PROJECT_DIR)/InstaPro",
				);
				INFOPLIST_FILE = InstaPro/Info.plist;
				LD_RUNPATH_SEARCH_PATHS = "$(inherited) @executable_path/Frameworks";
				PRODUCT_NAME = "$(TARGET_NAME)";
			};
			name = Debug;
		};
		124139A519FED7B100E26B60 /* Release */ = {
			isa = XCBuildConfiguration;
			buildSettings = {
				ASSETCATALOG_COMPILER_APPICON_NAME = AppIcon;
				FRAMEWORK_SEARCH_PATHS = (
					"$(inherited)",
					"$(PROJECT_DIR)/InstaPro",
				);
				INFOPLIST_FILE = InstaPro/Info.plist;
				LD_RUNPATH_SEARCH_PATHS = "$(inherited) @executable_path/Frameworks";
				PRODUCT_NAME = "$(TARGET_NAME)";
			};
			name = Release;
		};
		124139A719FED7B100E26B60 /* Debug */ = {
			isa = XCBuildConfiguration;
			buildSettings = {
				BUNDLE_LOADER = "$(TEST_HOST)";
				FRAMEWORK_SEARCH_PATHS = (
					"$(SDKROOT)/Developer/Library/Frameworks",
					"$(inherited)",
				);
				GCC_PREPROCESSOR_DEFINITIONS = (
					"DEBUG=1",
					"$(inherited)",
				);
				INFOPLIST_FILE = InstaProTests/Info.plist;
				LD_RUNPATH_SEARCH_PATHS = "$(inherited) @executable_path/Frameworks @loader_path/Frameworks";
				PRODUCT_NAME = "$(TARGET_NAME)";
				TEST_HOST = "$(BUILT_PRODUCTS_DIR)/InstaPro.app/InstaPro";
			};
			name = Debug;
		};
		124139A819FED7B100E26B60 /* Release */ = {
			isa = XCBuildConfiguration;
			buildSettings = {
				BUNDLE_LOADER = "$(TEST_HOST)";
				FRAMEWORK_SEARCH_PATHS = (
					"$(SDKROOT)/Developer/Library/Frameworks",
					"$(inherited)",
				);
				INFOPLIST_FILE = InstaProTests/Info.plist;
				LD_RUNPATH_SEARCH_PATHS = "$(inherited) @executable_path/Frameworks @loader_path/Frameworks";
				PRODUCT_NAME = "$(TARGET_NAME)";
				TEST_HOST = "$(BUILT_PRODUCTS_DIR)/InstaPro.app/InstaPro";
			};
			name = Release;
		};
/* End XCBuildConfiguration section */

/* Begin XCConfigurationList section */
		1241397819FED7B100E26B60 /* Build configuration list for PBXProject "InstaPro" */ = {
			isa = XCConfigurationList;
			buildConfigurations = (
				124139A119FED7B100E26B60 /* Debug */,
				124139A219FED7B100E26B60 /* Release */,
			);
			defaultConfigurationIsVisible = 0;
			defaultConfigurationName = Release;
		};
		124139A319FED7B100E26B60 /* Build configuration list for PBXNativeTarget "InstaPro" */ = {
			isa = XCConfigurationList;
			buildConfigurations = (
				124139A419FED7B100E26B60 /* Debug */,
				124139A519FED7B100E26B60 /* Release */,
			);
			defaultConfigurationIsVisible = 0;
			defaultConfigurationName = Release;
		};
		124139A619FED7B100E26B60 /* Build configuration list for PBXNativeTarget "InstaProTests" */ = {
			isa = XCConfigurationList;
			buildConfigurations = (
				124139A719FED7B100E26B60 /* Debug */,
				124139A819FED7B100E26B60 /* Release */,
			);
			defaultConfigurationIsVisible = 0;
			defaultConfigurationName = Release;
		};
/* End XCConfigurationList section */

/* Begin XCVersionGroup section */
		1241398719FED7B100E26B60 /* InstaPro.xcdatamodeld */ = {
			isa = XCVersionGroup;
			children = (
				1241398819FED7B100E26B60 /* InstaPro.xcdatamodel */,
			);
			currentVersion = 1241398819FED7B100E26B60 /* InstaPro.xcdatamodel */;
			path = InstaPro.xcdatamodeld;
			sourceTree = "<group>";
			versionGroupType = wrapper.xcdatamodel;
		};
/* End XCVersionGroup section */
	};
	rootObject = 1241397519FED7B100E26B60 /* Project object */;
}
